
Microsoft Visual Studio Solution File, Format Version 10.00
# Visual Studio 2008
Project("{8BC9CEB8-8B4A-11D0-8D11-00A0C91BC942}") = "SNS_doc2vec", "SNS_doc2vec\SNS_doc2vec.vcproj", "{C1EE993B-9FF6-4807-BCB1-CEBE0F28F1BA}"
EndProject
Global
	GlobalSection(SolutionConfigurationPlatforms) = preSolution
		Debug|Win32 = Debug|Win32
		Release|Win32 = Release|Win32
	EndGlobalSection
	GlobalSection(ProjectConfigurationPlatforms) = postSolution
		{C1EE993B-9FF6-4807-BCB1-CEBE0F28F1BA}.Debug|Win32.ActiveCfg = Debug|Win32
		{C1EE993B-9FF6-4807-BCB1-CEBE0F28F1BA}.Debug|Win32.Build.0 = Debug|Win32
		{C1EE993B-9FF6-4807-BCB1-CEBE0F28F1BA}.Release|Win32.ActiveCfg = Release|Win32
		{C1EE993B-9FF6-4807-BCB1-CEBE0F28F1BA}.Release|Win32.Build.0 = Release|Win32
	EndGlobalSection
	GlobalSection(SolutionProperties) = preSolution
		HideSolutionNode = FALSE
	EndGlobalSection
EndGlobal
